{
    "_readme": [
        "This file locks the dependencies of your project to a known state",
        "Read more about it at https://getcomposer.org/doc/01-basic-usage.md#installing-dependencies",
        "This file is @generated automatically"
    ],
    "content-hash": "b56d5f37aa770d072f7015ea9b402264",
    "packages": [
        {
            "name": "swoole/assert",
            "version": "1.0.2",
            "source": {
                "type": "git",
                "url": "https://github.com/swoole/assert.git",
                "reference": "30eed06dd6bc88410a4ff7f77b6d22f3ce13dbde"
            },
            "dist": {
                "type": "zip",
                "url": "https://api.github.com/repos/swoole/assert/zipball/30eed06dd6bc88410a4ff7f77b6d22f3ce13dbde",
                "reference": "30eed06dd6bc88410a4ff7f77b6d22f3ce13dbde",
                "shasum": ""
            },
            "require": {
                "php": ">=5.3.3"
            },
            "require-dev": {
                "phpunit/phpunit": "^4.6"
            },
            "type": "library",
            "extra": {
                "branch-alias": {
                    "dev-master": "1.0-dev"
                }
            },
            "autoload": {
                "psr-4": {
                    "Webmozart\\Assert\\": "src/"
                }
            },
            "notification-url": "https://packagist.org/downloads/",
            "license": [
                "MIT"
            ],
            "authors": [
                {
                    "name": "Bernhard Schussek",
                    "email": "bschussek@gmail.com"
                }
            ],
            "description": "Assertions to validate method input/output with nice error messages.",
            "keywords": [
                "assert",
                "check",
                "validate"
            ],
            "support": {
                "source": "https://github.com/swoole/assert/tree/1.0.2"
            },
            "time": "2015-08-24T13:29:44+00:00"
        },
        {
            "name": "swoole/ide-helper",
            "version": "5.1.4",
            "source": {
                "type": "git",
                "url": "https://github.com/swoole/ide-helper.git",
                "reference": "e63299f488bf8332404ce4f80142a2ed1397edde"
            },
            "dist": {
                "type": "zip",
                "url": "https://api.github.com/repos/swoole/ide-helper/zipball/e63299f488bf8332404ce4f80142a2ed1397edde",
                "reference": "e63299f488bf8332404ce4f80142a2ed1397edde",
                "shasum": ""
            },
            "type": "library",
            "notification-url": "https://packagist.org/downloads/",
            "license": [
                "Apache-2.0"
            ],
            "authors": [
                {
                    "name": "Team Swoole",
                    "email": "team@swoole.com"
                }
            ],
            "description": "IDE help files for Swoole.",
            "support": {
                "issues": "https://github.com/swoole/ide-helper/issues",
                "source": "https://github.com/swoole/ide-helper/tree/5.1.4"
            },
            "time": "2024-09-03T04:39:02+00:00"
        },
        {
            "name": "swoole/library",
            "version": "v5.1.4",
            "source": {
                "type": "git",
                "url": "https://github.com/swoole/library.git",
                "reference": "3bc066dd5d5f3498f7bb2ef8c5a7408d0cd33149"
            },
            "dist": {
                "type": "zip",
                "url": "https://api.github.com/repos/swoole/library/zipball/3bc066dd5d5f3498f7bb2ef8c5a7408d0cd33149",
                "reference": "3bc066dd5d5f3498f7bb2ef8c5a7408d0cd33149",
                "shasum": ""
            },
            "require": {
                "ext-swoole": ">=5.0",
                "php": ">=8.0"
            },
            "require-dev": {
                "ext-curl": "*",
                "ext-json": "*",
                "ext-redis": "*",
                "ext-sockets": "*",
                "phpunit/phpunit": "~9.0 || ~10.0",
                "swoole/ide-helper": "dev-master"
            },
            "suggest": {
                "ext-curl": "Required to use http client",
                "ext-mysqli": "Required to use mysqli database",
                "ext-pdo": "Required to use pdo database",
                "ext-redis": "Required to use redis database, and the required version is greater than or equal to 3.1.3"
            },
            "type": "library",
            "autoload": {
                "files": [
                    "src/constants.php",
                    "src/core/Coroutine/functions.php",
                    "src/core/Coroutine/Http/functions.php",
                    "src/std/exec.php",
                    "src/ext/curl.php",
                    "src/ext/sockets.php",
                    "src/functions.php",
                    "src/alias.php",
                    "src/alias_ns.php",
                    "src/vendor_init.php"
                ],
                "psr-4": {
                    "Swoole\\": "src/core"
                }
            },
            "notification-url": "https://packagist.org/downloads/",
            "license": [
                "Apache-2.0"
            ],
            "authors": [
                {
                    "name": "Swoole Team",
                    "email": "team@swoole.com"
                }
            ],
            "description": "Library of Swoole",
            "keywords": [
                "library",
                "swoole"
            ],
            "support": {
                "issues": "https://github.com/swoole/library",
                "source": "https://github.com/swoole/library/tree/v6.0.0-alpha"
            },
            "time": "2024-03-22T18:06:38+00:00"
        }
    ],
    "packages-dev": [],
    "aliases": [],
    "minimum-stability": "stable",
    "stability-flags": [],
    "prefer-stable": false,
    "prefer-lowest": false,
    "platform": [],
    "platform-dev": [],
    "plugin-api-version": "2.6.0"
}
